{
  "name": "@mvccore/ext-controller-datagrid-ag-js",
  "version": "5.1.0",
  "lockfileVersion": 2,
  "requires": true,
  "packages": {
    "": {
      "name": "@mvccore/ext-controller-datagrid-ag-js",
      "version": "5.1.0",
      "license": "BSD-3",
      "dependencies": {
        "ag-grid-community": "^28.1.0",
        "ajax-min": "^1.0.9",
        "tslib": "^2.4.0"
      },
      "devDependencies": {
        "typescript": "^4.6.3"
      }
    },
    "node_modules/ag-grid-community": {
      "version": "28.1.0",
      "resolved": "https://registry.npmjs.org/ag-grid-community/-/ag-grid-community-28.1.0.tgz",
      "integrity": "sha512-iCrdRWImvj6pOKaRQXdaPfZ0EI4fCQgTVv5PiCP9otbDPQBxyxjFVn+jEoV0umOqpqPAMoDIbG9poKyWuHl/EA=="
    },
    "node_modules/ajax-min": {
      "version": "1.0.9",
      "resolved": "https://registry.npmjs.org/ajax-min/-/ajax-min-1.0.9.tgz",
      "integrity": "sha512-lSNlOp1UWALc4QRT7DWAnP2jW45TyTKFj2GJfWM8jBT09+rZvo6CzG1HsBno36D0pek2ydcN4+hqyhJyBmnPwg=="
    },
    "node_modules/tslib": {
      "version": "2.4.0",
      "resolved": "https://registry.npmjs.org/tslib/-/tslib-2.4.0.tgz",
      "integrity": "sha512-d6xOpEDfsi2CZVlPQzGeux8XMwLT9hssAsaPYExaQMuYskwb+x1x7J371tWlbBdWHroy99KnVB6qIkUbs5X3UQ=="
    },
    "node_modules/typescript": {
      "version": "4.7.4",
      "resolved": "https://registry.npmjs.org/typescript/-/typescript-4.7.4.tgz",
      "integrity": "sha512-C0WQT0gezHuw6AdY1M2jxUO83Rjf0HP7Sk1DtXj6j1EwkQNZrHAg2XPWlq62oqEhYvONq5pkC2Y9oPljWToLmQ==",
      "dev": true,
      "bin": {
        "tsc": "bin/tsc",
        "tsserver": "bin/tsserver"
      },
      "engines": {
        "node": ">=4.2.0"
      }
    }
  },
  "dependencies": {
    "ag-grid-community": {
      "version": "28.1.0",
      "resolved": "https://registry.npmjs.org/ag-grid-community/-/ag-grid-community-28.1.0.tgz",
      "integrity": "sha512-iCrdRWImvj6pOKaRQXdaPfZ0EI4fCQgTVv5PiCP9otbDPQBxyxjFVn+jEoV0umOqpqPAMoDIbG9poKyWuHl/EA=="
    },
    "ajax-min": {
      "version": "1.0.9",
      "resolved": "https://registry.npmjs.org/ajax-min/-/ajax-min-1.0.9.tgz",
      "integrity": "sha512-lSNlOp1UWALc4QRT7DWAnP2jW45TyTKFj2GJfWM8jBT09+rZvo6CzG1HsBno36D0pek2ydcN4+hqyhJyBmnPwg=="
    },
    "tslib": {
      "version": "2.4.0",
      "resolved": "https://registry.npmjs.org/tslib/-/tslib-2.4.0.tgz",
      "integrity": "sha512-d6xOpEDfsi2CZVlPQzGeux8XMwLT9hssAsaPYExaQMuYskwb+x1x7J371tWlbBdWHroy99KnVB6qIkUbs5X3UQ=="
    },
    "typescript": {
      "version": "4.7.4",
      "resolved": "https://registry.npmjs.org/typescript/-/typescript-4.7.4.tgz",
      "integrity": "sha512-C0WQT0gezHuw6AdY1M2jxUO83Rjf0HP7Sk1DtXj6j1EwkQNZrHAg2XPWlq62oqEhYvONq5pkC2Y9oPljWToLmQ==",
      "dev": true
    }
  }
}
